{
  "requires": true,
  "lockfileVersion": 1,
  "dependencies": {
    "google-charts": {
      "version": "2.0.0",
      "resolved": "https://registry.npmjs.org/google-charts/-/google-charts-2.0.0.tgz",
      "integrity": "sha512-wxtwJTvA9MhFGCkMtUYtM+b1gQ8R6zSdQOxflRTAGr83+sd0bRDfrn1HaPIpxnqI75cImQBDp0ZTUXuwLhgPzA==",
      "dev": true
    }
  }
}
